
Microsoft Visual Studio Solution File, Format Version 12.00
# Visual Studio Version 17
VisualStudioVersion = 17.9.34728.123
MinimumVisualStudioVersion = 10.0.40219.1
Project("{9A19103F-16F7-4668-BE54-9A1E7A4F7556}") = "Assignment5.Domain", "src\Assignment5.Domain\Assignment5.Domain.csproj", "{B98DE05B-8080-409D-B035-7D24C10ED741}"
EndProject
Project("{9A19103F-16F7-4668-BE54-9A1E7A4F7556}") = "Assignment5.Infrastructure", "src\Assignment5.Infrastructure\Assignment5.Infrastructure.csproj", "{E69BB2BC-FDA3-4919-B958-951DC9099381}"
EndProject
Project("{9A19103F-16F7-4668-BE54-9A1E7A4F7556}") = "Assignment5.Application", "src\Assignment5.Services\Assignment5.Application.csproj", "{DD55D663-7B58-4B3C-A908-C2CB676993DB}"
EndProject
Project("{9A19103F-16F7-4668-BE54-9A1E7A4F7556}") = "Assignment5.WebApp", "src\Assignment5.WebApp\Assignment5.WebApp.csproj", "{F5D3D031-8EDB-495B-A9CB-3CD34584BC4A}"
EndProject
Project("{9A19103F-16F7-4668-BE54-9A1E7A4F7556}") = "Assignment5.Application.Tests", "tests\Assignment5.ApplicationTests\Assignment5.Application.Tests.csproj", "{FA93803A-B6AD-4BBB-A5E9-B01C57EEC115}"
EndProject
Project("{2150E333-8FDC-42A3-9474-1A3956D46DE8}") = "src", "src", "{36511603-CFA1-4E5D-A78C-C0558022CE42}"
EndProject
Project("{2150E333-8FDC-42A3-9474-1A3956D46DE8}") = "tests", "tests", "{C25C06BF-A45E-40BA-BF86-DD1760CCC0C3}"
EndProject
Project("{FAE04EC0-301F-11D3-BF4B-00C04F79EFBC}") = "Assignment5.Infrastructure.Tests", "tests\Assignment5.Infrastructure.Tests\Assignment5.Infrastructure.Tests.csproj", "{854CC91A-FB84-435D-8286-439AEBCECC81}"
EndProject
Project("{FAE04EC0-301F-11D3-BF4B-00C04F79EFBC}") = "Assignment5.WebApp.Test", "tests\Assignment5.WebApp.Test\Assignment5.WebApp.Test.csproj", "{62E7D60E-4111-4CAE-AD8F-EEC1969D0A77}"
EndProject
Global
	GlobalSection(SolutionConfigurationPlatforms) = preSolution
		Debug|Any CPU = Debug|Any CPU
		Release|Any CPU = Release|Any CPU
	EndGlobalSection
	GlobalSection(ProjectConfigurationPlatforms) = postSolution
		{B98DE05B-8080-409D-B035-7D24C10ED741}.Debug|Any CPU.ActiveCfg = Debug|Any CPU
		{B98DE05B-8080-409D-B035-7D24C10ED741}.Debug|Any CPU.Build.0 = Debug|Any CPU
		{B98DE05B-8080-409D-B035-7D24C10ED741}.Release|Any CPU.ActiveCfg = Release|Any CPU
		{B98DE05B-8080-409D-B035-7D24C10ED741}.Release|Any CPU.Build.0 = Release|Any CPU
		{E69BB2BC-FDA3-4919-B958-951DC9099381}.Debug|Any CPU.ActiveCfg = Debug|Any CPU
		{E69BB2BC-FDA3-4919-B958-951DC9099381}.Debug|Any CPU.Build.0 = Debug|Any CPU
		{E69BB2BC-FDA3-4919-B958-951DC9099381}.Release|Any CPU.ActiveCfg = Release|Any CPU
		{E69BB2BC-FDA3-4919-B958-951DC9099381}.Release|Any CPU.Build.0 = Release|Any CPU
		{DD55D663-7B58-4B3C-A908-C2CB676993DB}.Debug|Any CPU.ActiveCfg = Debug|Any CPU
		{DD55D663-7B58-4B3C-A908-C2CB676993DB}.Debug|Any CPU.Build.0 = Debug|Any CPU
		{DD55D663-7B58-4B3C-A908-C2CB676993DB}.Release|Any CPU.ActiveCfg = Release|Any CPU
		{DD55D663-7B58-4B3C-A908-C2CB676993DB}.Release|Any CPU.Build.0 = Release|Any CPU
		{F5D3D031-8EDB-495B-A9CB-3CD34584BC4A}.Debug|Any CPU.ActiveCfg = Debug|Any CPU
		{F5D3D031-8EDB-495B-A9CB-3CD34584BC4A}.Debug|Any CPU.Build.0 = Debug|Any CPU
		{F5D3D031-8EDB-495B-A9CB-3CD34584BC4A}.Release|Any CPU.ActiveCfg = Release|Any CPU
		{F5D3D031-8EDB-495B-A9CB-3CD34584BC4A}.Release|Any CPU.Build.0 = Release|Any CPU
		{FA93803A-B6AD-4BBB-A5E9-B01C57EEC115}.Debug|Any CPU.ActiveCfg = Debug|Any CPU
		{FA93803A-B6AD-4BBB-A5E9-B01C57EEC115}.Debug|Any CPU.Build.0 = Debug|Any CPU
		{FA93803A-B6AD-4BBB-A5E9-B01C57EEC115}.Release|Any CPU.ActiveCfg = Release|Any CPU
		{FA93803A-B6AD-4BBB-A5E9-B01C57EEC115}.Release|Any CPU.Build.0 = Release|Any CPU
		{854CC91A-FB84-435D-8286-439AEBCECC81}.Debug|Any CPU.ActiveCfg = Debug|Any CPU
		{854CC91A-FB84-435D-8286-439AEBCECC81}.Debug|Any CPU.Build.0 = Debug|Any CPU
		{854CC91A-FB84-435D-8286-439AEBCECC81}.Release|Any CPU.ActiveCfg = Release|Any CPU
		{854CC91A-FB84-435D-8286-439AEBCECC81}.Release|Any CPU.Build.0 = Release|Any CPU
		{62E7D60E-4111-4CAE-AD8F-EEC1969D0A77}.Debug|Any CPU.ActiveCfg = Debug|Any CPU
		{62E7D60E-4111-4CAE-AD8F-EEC1969D0A77}.Debug|Any CPU.Build.0 = Debug|Any CPU
		{62E7D60E-4111-4CAE-AD8F-EEC1969D0A77}.Release|Any CPU.ActiveCfg = Release|Any CPU
		{62E7D60E-4111-4CAE-AD8F-EEC1969D0A77}.Release|Any CPU.Build.0 = Release|Any CPU
	EndGlobalSection
	GlobalSection(SolutionProperties) = preSolution
		HideSolutionNode = FALSE
	EndGlobalSection
	GlobalSection(NestedProjects) = preSolution
		{B98DE05B-8080-409D-B035-7D24C10ED741} = {36511603-CFA1-4E5D-A78C-C0558022CE42}
		{E69BB2BC-FDA3-4919-B958-951DC9099381} = {36511603-CFA1-4E5D-A78C-C0558022CE42}
		{DD55D663-7B58-4B3C-A908-C2CB676993DB} = {36511603-CFA1-4E5D-A78C-C0558022CE42}
		{F5D3D031-8EDB-495B-A9CB-3CD34584BC4A} = {36511603-CFA1-4E5D-A78C-C0558022CE42}
		{FA93803A-B6AD-4BBB-A5E9-B01C57EEC115} = {C25C06BF-A45E-40BA-BF86-DD1760CCC0C3}
		{854CC91A-FB84-435D-8286-439AEBCECC81} = {C25C06BF-A45E-40BA-BF86-DD1760CCC0C3}
		{62E7D60E-4111-4CAE-AD8F-EEC1969D0A77} = {C25C06BF-A45E-40BA-BF86-DD1760CCC0C3}
	EndGlobalSection
	GlobalSection(ExtensibilityGlobals) = postSolution
		SolutionGuid = {5BD76395-C2FD-4A41-83B3-21EF064CDB4C}
	EndGlobalSection
EndGlobal
